
Microsoft Visual Studio Solution File, Format Version 12.00
# Visual Studio 15
VisualStudioVersion = 15.0.27703.2018
MinimumVisualStudioVersion = 10.0.40219.1
Project("{FAE04EC0-301F-11D3-BF4B-00C04F79EFBC}") = "RegistrationPractice", "RegistrationPractice\RegistrationPractice.csproj", "{EE75086F-294F-42F3-BE7C-97170A390F54}"
EndProject
Global
	GlobalSection(SolutionConfigurationPlatforms) = preSolution
		Debug|Any CPU = Debug|Any CPU
		Release|Any CPU = Release|Any CPU
	EndGlobalSection
	GlobalSection(ProjectConfigurationPlatforms) = postSolution
		{EE75086F-294F-42F3-BE7C-97170A390F54}.Debug|Any CPU.ActiveCfg = Debug|Any CPU
		{EE75086F-294F-42F3-BE7C-97170A390F54}.Debug|Any CPU.Build.0 = Debug|Any CPU
		{EE75086F-294F-42F3-BE7C-97170A390F54}.Release|Any CPU.ActiveCfg = Release|Any CPU
		{EE75086F-294F-42F3-BE7C-97170A390F54}.Release|Any CPU.Build.0 = Release|Any CPU
	EndGlobalSection
	GlobalSection(SolutionProperties) = preSolution
		HideSolutionNode = FALSE
	EndGlobalSection
	GlobalSection(ExtensibilityGlobals) = postSolution
		SolutionGuid = {E3F719FC-FCA1-4949-B5BD-8DFDDAD8B096}
	EndGlobalSection
EndGlobal
